
Microsoft Visual Studio Solution File, Format Version 12.00
# Visual Studio Version 16
VisualStudioVersion = 16.0.30002.166
MinimumVisualStudioVersion = 10.0.40219.1
Project("{9A19103F-16F7-4668-BE54-9A1E7A4F7556}") = "ApiAccessLib", "ApiAccessLib\ApiAccessLib.csproj", "{48F88947-7463-4176-83F6-21E61CF85953}"
EndProject
Project("{FAE04EC0-301F-11D3-BF4B-00C04F79EFBC}") = "APITests", "APITests\APITests.csproj", "{1F913F6A-ADB5-4670-937C-DDF08D55F8F6}"
EndProject
Global
	GlobalSection(SolutionConfigurationPlatforms) = preSolution
		Debug|Any CPU = Debug|Any CPU
		Release|Any CPU = Release|Any CPU
	EndGlobalSection
	GlobalSection(ProjectConfigurationPlatforms) = postSolution
		{48F88947-7463-4176-83F6-21E61CF85953}.Debug|Any CPU.ActiveCfg = Debug|Any CPU
		{48F88947-7463-4176-83F6-21E61CF85953}.Debug|Any CPU.Build.0 = Debug|Any CPU
		{48F88947-7463-4176-83F6-21E61CF85953}.Release|Any CPU.ActiveCfg = Release|Any CPU
		{48F88947-7463-4176-83F6-21E61CF85953}.Release|Any CPU.Build.0 = Release|Any CPU
		{1F913F6A-ADB5-4670-937C-DDF08D55F8F6}.Debug|Any CPU.ActiveCfg = Debug|Any CPU
		{1F913F6A-ADB5-4670-937C-DDF08D55F8F6}.Debug|Any CPU.Build.0 = Debug|Any CPU
		{1F913F6A-ADB5-4670-937C-DDF08D55F8F6}.Release|Any CPU.ActiveCfg = Release|Any CPU
		{1F913F6A-ADB5-4670-937C-DDF08D55F8F6}.Release|Any CPU.Build.0 = Release|Any CPU
	EndGlobalSection
	GlobalSection(SolutionProperties) = preSolution
		HideSolutionNode = FALSE
	EndGlobalSection
	GlobalSection(ExtensibilityGlobals) = postSolution
		SolutionGuid = {E3093913-F7C1-4624-9BCE-1D3012953C79}
	EndGlobalSection
EndGlobal
